
Microsoft Visual Studio Solution File, Format Version 12.00
# Visual Studio Version 16
VisualStudioVersion = 16.0.33328.57
MinimumVisualStudioVersion = 10.0.40219.1
Project("{9A19103F-16F7-4668-BE54-9A1E7A4F7556}") = "SocketServerH1", "SocketServerH1.csproj", "{3CEBB4A6-FC0C-4228-AFD1-056B57147958}"
EndProject
Project("{9A19103F-16F7-4668-BE54-9A1E7A4F7556}") = "SocketClientH1", "..\..\..\source\repos\SocketClientH1\SocketClientH1.csproj", "{789B0BAE-7CC7-4588-91A6-2A9641DA63FC}"
EndProject
Global
	GlobalSection(SolutionConfigurationPlatforms) = preSolution
		Debug|Any CPU = Debug|Any CPU
		Release|Any CPU = Release|Any CPU
	EndGlobalSection
	GlobalSection(ProjectConfigurationPlatforms) = postSolution
		{3CEBB4A6-FC0C-4228-AFD1-056B57147958}.Debug|Any CPU.ActiveCfg = Debug|Any CPU
		{3CEBB4A6-FC0C-4228-AFD1-056B57147958}.Debug|Any CPU.Build.0 = Debug|Any CPU
		{3CEBB4A6-FC0C-4228-AFD1-056B57147958}.Release|Any CPU.ActiveCfg = Release|Any CPU
		{3CEBB4A6-FC0C-4228-AFD1-056B57147958}.Release|Any CPU.Build.0 = Release|Any CPU
		{789B0BAE-7CC7-4588-91A6-2A9641DA63FC}.Debug|Any CPU.ActiveCfg = Debug|Any CPU
		{789B0BAE-7CC7-4588-91A6-2A9641DA63FC}.Debug|Any CPU.Build.0 = Debug|Any CPU
		{789B0BAE-7CC7-4588-91A6-2A9641DA63FC}.Release|Any CPU.ActiveCfg = Release|Any CPU
		{789B0BAE-7CC7-4588-91A6-2A9641DA63FC}.Release|Any CPU.Build.0 = Release|Any CPU
	EndGlobalSection
	GlobalSection(SolutionProperties) = preSolution
		HideSolutionNode = FALSE
	EndGlobalSection
	GlobalSection(ExtensibilityGlobals) = postSolution
		SolutionGuid = {3F60C02C-A794-481F-BA0B-705A34CDB631}
	EndGlobalSection
EndGlobal
